# @generated by Move, please check-in and do not edit manually.

[move]
version = 3
manifest_digest = "3204D62218CD0B551B78A1F4657223661D230028F2CC8641CCF84B2C549A3BB7"
deps_digest = "3C4103934B1E040BB6B23F1D610B4EF9F2F1166A50A104EADCF77467C004C600"
dependencies = [
  { id = "Sui", name = "Sui" },
  { id = "sbets_token", name = "sbets_token" },
]

[[move.package]]
id = "MoveStdlib"
source = { git = "https://github.com/MystenLabs/sui.git", rev = "framework/mainnet", subdir = "crates/sui-framework/packages/move-stdlib" }

[[move.package]]
id = "Sui"
source = { git = "https://github.com/MystenLabs/sui.git", rev = "framework/mainnet", subdir = "crates/sui-framework/packages/sui-framework" }

dependencies = [
  { id = "MoveStdlib", name = "MoveStdlib" },
]

[[move.package]]
id = "sbets_token"
source = { local = "sbets_token" }

dependencies = [
  { id = "Sui", name = "Sui" },
]

[move.toolchain-version]
compiler-version = "1.62.1"
edition = "2024.beta"
flavor = "sui"

[env]

[env.mainnet]
chain-id = "35834a8a"
original-published-id = "0x9ca7d3b57c018fb171724dc808a542d2ec27354f6526b75e968d308d29bb6626"
latest-published-id = "0x9ca7d3b57c018fb171724dc808a542d2ec27354f6526b75e968d308d29bb6626"
published-version = "1"
